{
  "name": "git-workflows",
  "version": "1.0.0",
  "lockfileVersion": 1,
  "requires": true,
  "dependencies": {
    "@actions/core": {
      "version": "1.2.6",
      "resolved": "https://registry.npm.taobao.org/@actions/core/download/@actions/core-1.2.6.tgz",
      "integrity": "sha1-p41J9BpN7xjojOR8LKxhXVaUvwk="
    },
    "@actions/exec": {
      "version": "1.0.4",
      "resolved": "https://registry.npm.taobao.org/@actions/exec/download/@actions/exec-1.0.4.tgz",
      "integrity": "sha1-mddTEOYuWfw30u5tz/bUv/rdOl0=",
      "requires": {
        "@actions/io": "^1.0.1"
      }
    },
    "@actions/github": {
      "version": "4.0.0",
      "resolved": "https://registry.npm.taobao.org/@actions/github/download/@actions/github-4.0.0.tgz",
      "integrity": "sha1-1SBIMVGiv10tyc0PIPmsOi5FiBY=",
      "requires": {
        "@actions/http-client": "^1.0.8",
        "@octokit/core": "^3.0.0",
        "@octokit/plugin-paginate-rest": "^2.2.3",
        "@octokit/plugin-rest-endpoint-methods": "^4.0.0"
      }
    },
    "@actions/http-client": {
      "version": "1.0.9",
      "resolved": "https://registry.npm.taobao.org/@actions/http-client/download/@actions/http-client-1.0.9.tgz",
      "integrity": "sha1-rxlH0CAEPbxqO0xZGIkglcMP+1I=",
      "requires": {
        "tunnel": "0.0.6"
      }
    },
    "@actions/io": {
      "version": "1.0.2",
      "resolved": "https://registry.npm.taobao.org/@actions/io/download/@actions/io-1.0.2.tgz",
      "integrity": "sha1-L2FLbmnOFNGRGARR6zjmV2puayc="
    },
    "@octokit/auth-token": {
      "version": "2.4.4",
      "resolved": "https://registry.npm.taobao.org/@octokit/auth-token/download/@octokit/auth-token-2.4.4.tgz",
      "integrity": "sha1-7jHGmwHQN4wS/T/+QGAw89lNO1Y=",
      "requires": {
        "@octokit/types": "^6.0.0"
      }
    },
    "@octokit/core": {
      "version": "3.2.4",
      "resolved": "https://registry.npm.taobao.org/@octokit/core/download/@octokit/core-3.2.4.tgz",
      "integrity": "sha1-V5ElYFepYuypcuMYGPAkVIl/0QY=",
      "requires": {
        "@octokit/auth-token": "^2.4.4",
        "@octokit/graphql": "^4.5.8",
        "@octokit/request": "^5.4.12",
        "@octokit/types": "^6.0.3",
        "before-after-hook": "^2.1.0",
        "universal-user-agent": "^6.0.0"
      }
    },
    "@octokit/endpoint": {
      "version": "6.0.10",
      "resolved": "https://registry.npm.taobao.org/@octokit/endpoint/download/@octokit/endpoint-6.0.10.tgz",
      "integrity": "sha1-dBzh+i9Pt3zo6+DG6vXOY/Vl+Og=",
      "requires": {
        "@octokit/types": "^6.0.0",
        "is-plain-object": "^5.0.0",
        "universal-user-agent": "^6.0.0"
      }
    },
    "@octokit/graphql": {
      "version": "4.5.8",
      "resolved": "https://registry.npm.taobao.org/@octokit/graphql/download/@octokit/graphql-4.5.8.tgz?cache=0&sync_timestamp=1606805841347&other_urls=https%3A%2F%2Fregistry.npm.taobao.org%2F%40octokit%2Fgraphql%2Fdownload%2F%40octokit%2Fgraphql-4.5.8.tgz",
      "integrity": "sha1-1CNzYzwwFdDq/OZKjOGWvhZ/3Zs=",
      "requires": {
        "@octokit/request": "^5.3.0",
        "@octokit/types": "^6.0.0",
        "universal-user-agent": "^6.0.0"
      }
    },
    "@octokit/openapi-types": {
      "version": "2.2.0",
      "resolved": "https://registry.npm.taobao.org/@octokit/openapi-types/download/@octokit/openapi-types-2.2.0.tgz",
      "integrity": "sha1-Ej4EOKC8cYzNrDtaLmmz3QDaqFs="
    },
    "@octokit/plugin-paginate-rest": {
      "version": "2.7.0",
      "resolved": "https://registry.npm.taobao.org/@octokit/plugin-paginate-rest/download/@octokit/plugin-paginate-rest-2.7.0.tgz",
      "integrity": "sha1-a7ewQ8JG4GVBGabsTnKhcsnix/M=",
      "requires": {
        "@octokit/types": "^6.0.1"
      }
    },
    "@octokit/plugin-rest-endpoint-methods": {
      "version": "4.4.3",
      "resolved": "https://registry.npm.taobao.org/@octokit/plugin-rest-endpoint-methods/download/@octokit/plugin-rest-endpoint-methods-4.4.3.tgz",
      "integrity": "sha1-AWCXm1AOsQsCT05VgO/RESt9JUQ=",
      "requires": {
        "@octokit/types": "^6.1.0",
        "deprecation": "^2.3.1"
      }
    },
    "@octokit/request": {
      "version": "5.4.12",
      "resolved": "https://registry.npm.taobao.org/@octokit/request/download/@octokit/request-5.4.12.tgz?cache=0&other_urls=https%3A%2F%2Fregistry.npm.taobao.org%2F%40octokit%2Frequest%2Fdownload%2F%40octokit%2Frequest-5.4.12.tgz",
      "integrity": "sha1-sEgm+pNGcMVrE1qBRHviwXI6L/w=",
      "requires": {
        "@octokit/endpoint": "^6.0.1",
        "@octokit/request-error": "^2.0.0",
        "@octokit/types": "^6.0.3",
        "deprecation": "^2.0.0",
        "is-plain-object": "^5.0.0",
        "node-fetch": "^2.6.1",
        "once": "^1.4.0",
        "universal-user-agent": "^6.0.0"
      }
    },
    "@octokit/request-error": {
      "version": "2.0.4",
      "resolved": "https://registry.npm.taobao.org/@octokit/request-error/download/@octokit/request-error-2.0.4.tgz",
      "integrity": "sha1-B91cBSHS7pdSASdMRyoSeRd0EmI=",
      "requires": {
        "@octokit/types": "^6.0.0",
        "deprecation": "^2.0.0",
        "once": "^1.4.0"
      }
    },
    "@octokit/types": {
      "version": "6.2.1",
      "resolved": "https://registry.npm.taobao.org/@octokit/types/download/@octokit/types-6.2.1.tgz",
      "integrity": "sha1-f4gf5ER1qxgld2pKWcoa4ILtEEM=",
      "requires": {
        "@octokit/openapi-types": "^2.2.0",
        "@types/node": ">= 8"
      }
    },
    "@types/git-url-parse": {
      "version": "9.0.0",
      "resolved": "https://registry.npm.taobao.org/@types/git-url-parse/download/@types/git-url-parse-9.0.0.tgz",
      "integrity": "sha1-qsExWkT6TtWlLDgg9sPC+3nL0S0=",
      "dev": true
    },
    "@types/node": {
      "version": "14.14.20",
      "resolved": "https://registry.npm.taobao.org/@types/node/download/@types/node-14.14.20.tgz?cache=0&sync_timestamp=1609792389810&other_urls=https%3A%2F%2Fregistry.npm.taobao.org%2F%40types%2Fnode%2Fdownload%2F%40types%2Fnode-14.14.20.tgz",
      "integrity": "sha1-95dIY+3SHR+KSUpz6OKzZYYVw0A="
    },
    "@types/uuid": {
      "version": "8.3.0",
      "resolved": "https://registry.npm.taobao.org/@types/uuid/download/@types/uuid-8.3.0.tgz",
      "integrity": "sha1-IVwjHf9zbVupJBDm1gIFDM5+Jz8=",
      "dev": true
    },
    "@vercel/ncc": {
      "version": "0.26.1",
      "resolved": "https://registry.npm.taobao.org/@vercel/ncc/download/@vercel/ncc-0.26.1.tgz",
      "integrity": "sha1-RX8TyPIH9edNGZRLZ5f0cIwCNZ8=",
      "dev": true
    },
    "before-after-hook": {
      "version": "2.1.0",
      "resolved": "https://registry.npm.taobao.org/before-after-hook/download/before-after-hook-2.1.0.tgz",
      "integrity": "sha1-tsA0h/ROJCAN0wyl5qGXnF0vtjU="
    },
    "deprecation": {
      "version": "2.3.1",
      "resolved": "https://registry.npm.taobao.org/deprecation/download/deprecation-2.3.1.tgz",
      "integrity": "sha1-Y2jL20Cr8zc7UlrIfkomDDpwCRk="
    },
    "git-up": {
      "version": "4.0.2",
      "resolved": "https://registry.npm.taobao.org/git-up/download/git-up-4.0.2.tgz",
      "integrity": "sha1-EMPXMQUbNm3BnT30VL/KP3eROnw=",
      "requires": {
        "is-ssh": "^1.3.0",
        "parse-url": "^5.0.0"
      }
    },
    "git-url-parse": {
      "version": "11.4.3",
      "resolved": "https://registry.npm.taobao.org/git-url-parse/download/git-url-parse-11.4.3.tgz?cache=0&sync_timestamp=1608792937445&other_urls=https%3A%2F%2Fregistry.npm.taobao.org%2Fgit-url-parse%2Fdownload%2Fgit-url-parse-11.4.3.tgz",
      "integrity": "sha1-FhAoTt8fFJZBgPWzOZ7Gi2ks/Yc=",
      "requires": {
        "git-up": "^4.0.0"
      }
    },
    "is-plain-object": {
      "version": "5.0.0",
      "resolved": "https://registry.npm.taobao.org/is-plain-object/download/is-plain-object-5.0.0.tgz?cache=0&sync_timestamp=1599667316315&other_urls=https%3A%2F%2Fregistry.npm.taobao.org%2Fis-plain-object%2Fdownload%2Fis-plain-object-5.0.0.tgz",
      "integrity": "sha1-RCf1CrNCnpAl6n1S6QQ6nvQVk0Q="
    },
    "is-ssh": {
      "version": "1.3.2",
      "resolved": "https://registry.npm.taobao.org/is-ssh/download/is-ssh-1.3.2.tgz?cache=0&sync_timestamp=1596976650191&other_urls=https%3A%2F%2Fregistry.npm.taobao.org%2Fis-ssh%2Fdownload%2Fis-ssh-1.3.2.tgz",
      "integrity": "sha1-pLgqtj1zl2/YJjzO7if5moi9ris=",
      "requires": {
        "protocols": "^1.1.0"
      }
    },
    "node-fetch": {
      "version": "2.6.1",
      "resolved": "https://registry.npm.taobao.org/node-fetch/download/node-fetch-2.6.1.tgz?cache=0&sync_timestamp=1599309198465&other_urls=https%3A%2F%2Fregistry.npm.taobao.org%2Fnode-fetch%2Fdownload%2Fnode-fetch-2.6.1.tgz",
      "integrity": "sha1-BFvTI2Mfdu0uK1VXM5RBa2OaAFI="
    },
    "normalize-url": {
      "version": "3.3.0",
      "resolved": "https://registry.npm.taobao.org/normalize-url/download/normalize-url-3.3.0.tgz",
      "integrity": "sha1-suHE3E98bVd0PfczpPWXjRhlBVk="
    },
    "once": {
      "version": "1.4.0",
      "resolved": "https://registry.npm.taobao.org/once/download/once-1.4.0.tgz",
      "integrity": "sha1-WDsap3WWHUsROsF9nFC6753Xa9E=",
      "requires": {
        "wrappy": "1"
      }
    },
    "parse-path": {
      "version": "4.0.2",
      "resolved": "https://registry.npm.taobao.org/parse-path/download/parse-path-4.0.2.tgz?cache=0&sync_timestamp=1596987814334&other_urls=https%3A%2F%2Fregistry.npm.taobao.org%2Fparse-path%2Fdownload%2Fparse-path-4.0.2.tgz",
      "integrity": "sha1-7xTw09d7ro3UvGZWOkwVGqyeZao=",
      "requires": {
        "is-ssh": "^1.3.0",
        "protocols": "^1.4.0"
      }
    },
    "parse-url": {
      "version": "5.0.2",
      "resolved": "https://registry.npm.taobao.org/parse-url/download/parse-url-5.0.2.tgz?cache=0&sync_timestamp=1596989550259&other_urls=https%3A%2F%2Fregistry.npm.taobao.org%2Fparse-url%2Fdownload%2Fparse-url-5.0.2.tgz",
      "integrity": "sha1-hWo74fzfeNyT/Is3kfFpBy2Ji1k=",
      "requires": {
        "is-ssh": "^1.3.0",
        "normalize-url": "^3.3.0",
        "parse-path": "^4.0.0",
        "protocols": "^1.4.0"
      }
    },
    "protocols": {
      "version": "1.4.8",
      "resolved": "https://registry.npm.taobao.org/protocols/download/protocols-1.4.8.tgz",
      "integrity": "sha1-SO6i2PWNlkSkoyyq5dXbKQoHXOg="
    },
    "tunnel": {
      "version": "0.0.6",
      "resolved": "https://registry.npm.taobao.org/tunnel/download/tunnel-0.0.6.tgz",
      "integrity": "sha1-cvExSzSlsZLbASMk3yzFh8pH+Sw="
    },
    "typescript": {
      "version": "4.1.3",
      "resolved": "https://registry.npm.taobao.org/typescript/download/typescript-4.1.3.tgz?cache=0&sync_timestamp=1609830230888&other_urls=https%3A%2F%2Fregistry.npm.taobao.org%2Ftypescript%2Fdownload%2Ftypescript-4.1.3.tgz",
      "integrity": "sha1-UZ1YK9lMugz4k0x9joRn5HP1O7c=",
      "dev": true
    },
    "universal-user-agent": {
      "version": "6.0.0",
      "resolved": "https://registry.npm.taobao.org/universal-user-agent/download/universal-user-agent-6.0.0.tgz",
      "integrity": "sha1-M4H4UDslHA2c0hvB3pOeyd9UgO4="
    },
    "uuid": {
      "version": "8.3.2",
      "resolved": "https://registry.npm.taobao.org/uuid/download/uuid-8.3.2.tgz?cache=0&sync_timestamp=1607458532020&other_urls=https%3A%2F%2Fregistry.npm.taobao.org%2Fuuid%2Fdownload%2Fuuid-8.3.2.tgz",
      "integrity": "sha1-gNW1ztJxu5r2xEXyGhoExgbO++I="
    },
    "wrappy": {
      "version": "1.0.2",
      "resolved": "https://registry.npm.taobao.org/wrappy/download/wrappy-1.0.2.tgz",
      "integrity": "sha1-tSQ9jz7BqjXxNkYFvA0QNuMKtp8="
    }
  }
}
